// !$*UTF8*$!
{
	archiveVersion = 1;
	classes = {
	};
	objectVersion = 55;
	objects = {

/* Begin PBXBuildFile section */
		576CC1AC276516A4000DD587 /* AppDelegate.swift in Sources */ = {isa = PBXBuildFile; fileRef = 576CC1AB276516A4000DD587 /* AppDelegate.swift */; };
		576CC1AE276516A4000DD587 /* SceneDelegate.swift in Sources */ = {isa = PBXBuildFile; fileRef = 576CC1AD276516A4000DD587 /* SceneDelegate.swift */; };
		576CC1B0276516A4000DD587 /* ViewController.swift in Sources */ = {isa = PBXBuildFile; fileRef = 576CC1AF276516A4000DD587 /* ViewController.swift */; };
		576CC1B3276516A4000DD587 /* Main.storyboard in Resources */ = {isa = PBXBuildFile; fileRef = 576CC1B1276516A4000DD587 /* Main.storyboard */; };
		576CC1B5276516A5000DD587 /* Assets.xcassets in Resources */ = {isa = PBXBuildFile; fileRef = 576CC1B4276516A5000DD587 /* Assets.xcassets */; };
		576CC1B8276516A5000DD587 /* LaunchScreen.storyboard in Resources */ = {isa = PBXBuildFile; fileRef = 576CC1B6276516A5000DD587 /* LaunchScreen.storyboard */; };
		576CC1C3276516A5000DD587 /* P9_travelTests.swift in Sources */ = {isa = PBXBuildFile; fileRef = 576CC1C2276516A5000DD587 /* P9_travelTests.swift */; };
/* End PBXBuildFile section */

/* Begin PBXContainerItemProxy section */
		576CC1BF276516A5000DD587 /* PBXContainerItemProxy */ = {
			isa = PBXContainerItemProxy;
			containerPortal = 576CC1A0276516A4000DD587 /* Project object */;
			proxyType = 1;
			remoteGlobalIDString = 576CC1A7276516A4000DD587;
			remoteInfo = P9_travel;
		};
/* End PBXContainerItemProxy section */

/* Begin PBXFileReference section */
		576CC1A8276516A4000DD587 /* P9_travel.app */ = {isa = PBXFileReference; explicitFileType = wrapper.application; includeInIndex = 0; path = P9_travel.app; sourceTree = BUILT_PRODUCTS_DIR; };
		576CC1AB276516A4000DD587 /* AppDelegate.swift */ = {isa = PBXFileReference; lastKnownFileType = sourcecode.swift; path = AppDelegate.swift; sourceTree = "<group>"; };
		576CC1AD276516A4000DD587 /* SceneDelegate.swift */ = {isa = PBXFileReference; lastKnownFileType = sourcecode.swift; path = SceneDelegate.swift; sourceTree = "<group>"; };
		576CC1AF276516A4000DD587 /* ViewController.swift */ = {isa = PBXFileReference; lastKnownFileType = sourcecode.swift; path = ViewController.swift; sourceTree = "<group>"; };
		576CC1B2276516A4000DD587 /* Base */ = {isa = PBXFileReference; lastKnownFileType = file.storyboard; name = Base; path = Base.lproj/Main.storyboard; sourceTree = "<group>"; };
		576CC1B4276516A5000DD587 /* Assets.xcassets */ = {isa = PBXFileReference; lastKnownFileType = folder.assetcatalog; path = Assets.xcassets; sourceTree = "<group>"; };
		576CC1B7276516A5000DD587 /* Base */ = {isa = PBXFileReference; lastKnownFileType = file.storyboard; name = Base; path = Base.lproj/LaunchScreen.storyboard; sourceTree = "<group>"; };
		576CC1B9276516A5000DD587 /* Info.plist */ = {isa = PBXFileReference; lastKnownFileType = text.plist.xml; path = Info.plist; sourceTree = "<group>"; };
		576CC1BE276516A5000DD587 /* P9_travelTests.xctest */ = {isa = PBXFileReference; explicitFileType = wrapper.cfbundle; includeInIndex = 0; path = P9_travelTests.xctest; sourceTree = BUILT_PRODUCTS_DIR; };
		576CC1C2276516A5000DD587 /* P9_travelTests.swift */ = {isa = PBXFileReference; lastKnownFileType = sourcecode.swift; path = P9_travelTests.swift; sourceTree = "<group>"; };
/* End PBXFileReference section */

/* Begin PBXFrameworksBuildPhase section */
		576CC1A5276516A4000DD587 /* Frameworks */ = {
			isa = PBXFrameworksBuildPhase;
			buildActionMask = 2147483647;
			files = (
			);
			runOnlyForDeploymentPostprocessing = 0;
		};
		576CC1BB276516A5000DD587 /* Frameworks */ = {
			isa = PBXFrameworksBuildPhase;
			buildActionMask = 2147483647;
			files = (
			);
			runOnlyForDeploymentPostprocessing = 0;
		};
/* End PBXFrameworksBuildPhase section */

/* Begin PBXGroup section */
		576CC19F276516A4000DD587 = {
			isa = PBXGroup;
			children = (
				576CC1AA276516A4000DD587 /* P9_travel */,
				576CC1C1276516A5000DD587 /* P9_travelTests */,
				576CC1A9276516A4000DD587 /* Products */,
			);
			sourceTree = "<group>";
		};
		576CC1A9276516A4000DD587 /* Products */ = {
			isa = PBXGroup;
			children = (
				576CC1A8276516A4000DD587 /* P9_travel.app */,
				576CC1BE276516A5000DD587 /* P9_travelTests.xctest */,
			);
			name = Products;
			sourceTree = "<group>";
		};
		576CC1AA276516A4000DD587 /* P9_travel */ = {
			isa = PBXGroup;
			children = (
				576CC1AB276516A4000DD587 /* AppDelegate.swift */,
				576CC1AD276516A4000DD587 /* SceneDelegate.swift */,
				576CC1B9276516A5000DD587 /* Info.plist */,
				57CE11372778A22F00431236 /* Model */,
				57CE11362778A22500431236 /* Controller */,
				57CE11352778A21D00431236 /* View */,
			);
			path = P9_travel;
			sourceTree = "<group>";
		};
		576CC1C1276516A5000DD587 /* P9_travelTests */ = {
			isa = PBXGroup;
			children = (
				576CC1C2276516A5000DD587 /* P9_travelTests.swift */,
			);
			path = P9_travelTests;
			sourceTree = "<group>";
		};
		57CE11352778A21D00431236 /* View */ = {
			isa = PBXGroup;
			children = (
				576CC1B1276516A4000DD587 /* Main.storyboard */,
				576CC1B4276516A5000DD587 /* Assets.xcassets */,
				576CC1B6276516A5000DD587 /* LaunchScreen.storyboard */,
			);
			path = View;
			sourceTree = "<group>";
		};
		57CE11362778A22500431236 /* Controller */ = {
			isa = PBXGroup;
			children = (
				576CC1AF276516A4000DD587 /* ViewController.swift */,
			);
			path = Controller;
			sourceTree = "<group>";
		};
		57CE11372778A22F00431236 /* Model */ = {
			isa = PBXGroup;
			children = (
			);
			path = Model;
			sourceTree = "<group>";
		};
/* End PBXGroup section */

/* Begin PBXNativeTarget section */
		576CC1A7276516A4000DD587 /* P9_travel */ = {
			isa = PBXNativeTarget;
			buildConfigurationList = 576CC1D2276516A5000DD587 /* Build configuration list for PBXNativeTarget "P9_travel" */;
			buildPhases = (
				576CC1A4276516A4000DD587 /* Sources */,
				576CC1A5276516A4000DD587 /* Frameworks */,
				576CC1A6276516A4000DD587 /* Resources */,
			);
			buildRules = (
			);
			dependencies = (
			);
			name = P9_travel;
			productName = P9_travel;
			productReference = 576CC1A8276516A4000DD587 /* P9_travel.app */;
			productType = "com.apple.product-type.application";
		};
		576CC1BD276516A5000DD587 /* P9_travelTests */ = {
			isa = PBXNativeTarget;
			buildConfigurationList = 576CC1D5276516A5000DD587 /* Build configuration list for PBXNativeTarget "P9_travelTests" */;
			buildPhases = (
				576CC1BA276516A5000DD587 /* Sources */,
				576CC1BB276516A5000DD587 /* Frameworks */,
				576CC1BC276516A5000DD587 /* Resources */,
			);
			buildRules = (
			);
			dependencies = (
				576CC1C0276516A5000DD587 /* PBXTargetDependency */,
			);
			name = P9_travelTests;
			productName = P9_travelTests;
			productReference = 576CC1BE276516A5000DD587 /* P9_travelTests.xctest */;
			productType = "com.apple.product-type.bundle.unit-test";
		};
/* End PBXNativeTarget section */

/* Begin PBXProject section */
		576CC1A0276516A4000DD587 /* Project object */ = {
			isa = PBXProject;
			attributes = {
				BuildIndependentTargetsInParallel = 1;
				LastSwiftUpdateCheck = 1310;
				LastUpgradeCheck = 1310;
				TargetAttributes = {
					576CC1A7276516A4000DD587 = {
						CreatedOnToolsVersion = 13.1;
					};
					576CC1BD276516A5000DD587 = {
						CreatedOnToolsVersion = 13.1;
						TestTargetID = 576CC1A7276516A4000DD587;
					};
				};
			};
			buildConfigurationList = 576CC1A3276516A4000DD587 /* Build configuration list for PBXProject "P9_travel" */;
			compatibilityVersion = "Xcode 13.0";
			developmentRegion = en;
			hasScannedForEncodings = 0;
			knownRegions = (
				en,
				Base,
			);
			mainGroup = 576CC19F276516A4000DD587;
			productRefGroup = 576CC1A9276516A4000DD587 /* Products */;
			projectDirPath = "";
			projectRoot = "";
			targets = (
				576CC1A7276516A4000DD587 /* P9_travel */,
				576CC1BD276516A5000DD587 /* P9_travelTests */,
			);
		};
/* End PBXProject section */

/* Begin PBXResourcesBuildPhase section */
		576CC1A6276516A4000DD587 /* Resources */ = {
			isa = PBXResourcesBuildPhase;
			buildActionMask = 2147483647;
			files = (
				576CC1B8276516A5000DD587 /* LaunchScreen.storyboard in Resources */,
				576CC1B5276516A5000DD587 /* Assets.xcassets in Resources */,
				576CC1B3276516A4000DD587 /* Main.storyboard in Resources */,
			);
			runOnlyForDeploymentPostprocessing = 0;
		};
		576CC1BC276516A5000DD587 /* Resources */ = {
			isa = PBXResourcesBuildPhase;
			buildActionMask = 2147483647;
			files = (
			);
			runOnlyForDeploymentPostprocessing = 0;
		};
/* End PBXResourcesBuildPhase section */

/* Begin PBXSourcesBuildPhase section */
		576CC1A4276516A4000DD587 /* Sources */ = {
			isa = PBXSourcesBuildPhase;
			buildActionMask = 2147483647;
			files = (
				576CC1B0276516A4000DD587 /* ViewController.swift in Sources */,
				576CC1AC276516A4000DD587 /* AppDelegate.swift in Sources */,
				576CC1AE276516A4000DD587 /* SceneDelegate.swift in Sources */,
			);
			runOnlyForDeploymentPostprocessing = 0;
		};
		576CC1BA276516A5000DD587 /* Sources */ = {
			isa = PBXSourcesBuildPhase;
			buildActionMask = 2147483647;
			files = (
				576CC1C3276516A5000DD587 /* P9_travelTests.swift in Sources */,
			);
			runOnlyForDeploymentPostprocessing = 0;
		};
/* End PBXSourcesBuildPhase section */

/* Begin PBXTargetDependency section */
		576CC1C0276516A5000DD587 /* PBXTargetDependency */ = {
			isa = PBXTargetDependency;
			target = 576CC1A7276516A4000DD587 /* P9_travel */;
			targetProxy = 576CC1BF276516A5000DD587 /* PBXContainerItemProxy */;
		};
/* End PBXTargetDependency section */

/* Begin PBXVariantGroup section */
		576CC1B1276516A4000DD587 /* Main.storyboard */ = {
			isa = PBXVariantGroup;
			children = (
				576CC1B2276516A4000DD587 /* Base */,
			);
			name = Main.storyboard;
			sourceTree = "<group>";
		};
		576CC1B6276516A5000DD587 /* LaunchScreen.storyboard */ = {
			isa = PBXVariantGroup;
			children = (
				576CC1B7276516A5000DD587 /* Base */,
			);
			name = LaunchScreen.storyboard;
			sourceTree = "<group>";
		};
/* End PBXVariantGroup section */

/* Begin XCBuildConfiguration section */
		576CC1D0276516A5000DD587 /* Debug */ = {
			isa = XCBuildConfiguration;
			buildSettings = {
				ALWAYS_SEARCH_USER_PATHS = NO;
				CLANG_ANALYZER_NONNULL = YES;
				CLANG_ANALYZER_NUMBER_OBJECT_CONVERSION = YES_AGGRESSIVE;
				CLANG_CXX_LANGUAGE_STANDARD = "gnu++17";
				CLANG_CXX_LIBRARY = "libc++";
				CLANG_ENABLE_MODULES = YES;
				CLANG_ENABLE_OBJC_ARC = YES;
				CLANG_ENABLE_OBJC_WEAK = YES;
				CLANG_WARN_BLOCK_CAPTURE_AUTORELEASING = YES;
				CLANG_WARN_BOOL_CONVERSION = YES;
				CLANG_WARN_COMMA = YES;
				CLANG_WARN_CONSTANT_CONVERSION = YES;
				CLANG_WARN_DEPRECATED_OBJC_IMPLEMENTATIONS = YES;
				CLANG_WARN_DIRECT_OBJC_ISA_USAGE = YES_ERROR;
				CLANG_WARN_DOCUMENTATION_COMMENTS = YES;
				CLANG_WARN_EMPTY_BODY = YES;
				CLANG_WARN_ENUM_CONVERSION = YES;
				CLANG_WARN_INFINITE_RECURSION = YES;
				CLANG_WARN_INT_CONVERSION = YES;
				CLANG_WARN_NON_LITERAL_NULL_CONVERSION = YES;
				CLANG_WARN_OBJC_IMPLICIT_RETAIN_SELF = YES;
				CLANG_WARN_OBJC_LITERAL_CONVERSION = YES;
				CLANG_WARN_OBJC_ROOT_CLASS = YES_ERROR;
				CLANG_WARN_QUOTED_INCLUDE_IN_FRAMEWORK_HEADER = YES;
				CLANG_WARN_RANGE_LOOP_ANALYSIS = YES;
				CLANG_WARN_STRICT_PROTOTYPES = YES;
				CLANG_WARN_SUSPICIOUS_MOVE = YES;
				CLANG_WARN_UNGUARDED_AVAILABILITY = YES_AGGRESSIVE;
				CLANG_WARN_UNREACHABLE_CODE = YES;
				CLANG_WARN__DUPLICATE_METHOD_MATCH = YES;
				COPY_PHASE_STRIP = NO;
				DEBUG_INFORMATION_FORMAT = dwarf;
				ENABLE_STRICT_OBJC_MSGSEND = YES;
				ENABLE_TESTABILITY = YES;
				GCC_C_LANGUAGE_STANDARD = gnu11;
				GCC_DYNAMIC_NO_PIC = NO;
				GCC_NO_COMMON_BLOCKS = YES;
				GCC_OPTIMIZATION_LEVEL = 0;
				GCC_PREPROCESSOR_DEFINITIONS = (
					"DEBUG=1",
					"$(inherited)",
				);
				GCC_WARN_64_TO_32_BIT_CONVERSION = YES;
				GCC_WARN_ABOUT_RETURN_TYPE = YES_ERROR;
				GCC_WARN_UNDECLARED_SELECTOR = YES;
				GCC_WARN_UNINITIALIZED_AUTOS = YES_AGGRESSIVE;
				GCC_WARN_UNUSED_FUNCTION = YES;
				GCC_WARN_UNUSED_VARIABLE = YES;
				IPHONEOS_DEPLOYMENT_TARGET = 15.0;
				MTL_ENABLE_DEBUG_INFO = INCLUDE_SOURCE;
				MTL_FAST_MATH = YES;
				ONLY_ACTIVE_ARCH = YES;
				SDKROOT = iphoneos;
				SWIFT_ACTIVE_COMPILATION_CONDITIONS = DEBUG;
				SWIFT_OPTIMIZATION_LEVEL = "-Onone";
			};
			name = Debug;
		};
		576CC1D1276516A5000DD587 /* Release */ = {
			isa = XCBuildConfiguration;
			buildSettings = {
				ALWAYS_SEARCH_USER_PATHS = NO;
				CLANG_ANALYZER_NONNULL = YES;
				CLANG_ANALYZER_NUMBER_OBJECT_CONVERSION = YES_AGGRESSIVE;
				CLANG_CXX_LANGUAGE_STANDARD = "gnu++17";
				CLANG_CXX_LIBRARY = "libc++";
				CLANG_ENABLE_MODULES = YES;
				CLANG_ENABLE_OBJC_ARC = YES;
				CLANG_ENABLE_OBJC_WEAK = YES;
				CLANG_WARN_BLOCK_CAPTURE_AUTORELEASING = YES;
				CLANG_WARN_BOOL_CONVERSION = YES;
				CLANG_WARN_COMMA = YES;
				CLANG_WARN_CONSTANT_CONVERSION = YES;
				CLANG_WARN_DEPRECATED_OBJC_IMPLEMENTATIONS = YES;
				CLANG_WARN_DIRECT_OBJC_ISA_USAGE = YES_ERROR;
				CLANG_WARN_DOCUMENTATION_COMMENTS = YES;
				CLANG_WARN_EMPTY_BODY = YES;
				CLANG_WARN_ENUM_CONVERSION = YES;
				CLANG_WARN_INFINITE_RECURSION = YES;
				CLANG_WARN_INT_CONVERSION = YES;
				CLANG_WARN_NON_LITERAL_NULL_CONVERSION = YES;
				CLANG_WARN_OBJC_IMPLICIT_RETAIN_SELF = YES;
				CLANG_WARN_OBJC_LITERAL_CONVERSION = YES;
				CLANG_WARN_OBJC_ROOT_CLASS = YES_ERROR;
				CLANG_WARN_QUOTED_INCLUDE_IN_FRAMEWORK_HEADER = YES;
				CLANG_WARN_RANGE_LOOP_ANALYSIS = YES;
				CLANG_WARN_STRICT_PROTOTYPES = YES;
				CLANG_WARN_SUSPICIOUS_MOVE = YES;
				CLANG_WARN_UNGUARDED_AVAILABILITY = YES_AGGRESSIVE;
				CLANG_WARN_UNREACHABLE_CODE = YES;
				CLANG_WARN__DUPLICATE_METHOD_MATCH = YES;
				COPY_PHASE_STRIP = NO;
				DEBUG_INFORMATION_FORMAT = "dwarf-with-dsym";
				ENABLE_NS_ASSERTIONS = NO;
				ENABLE_STRICT_OBJC_MSGSEND = YES;
				GCC_C_LANGUAGE_STANDARD = gnu11;
				GCC_NO_COMMON_BLOCKS = YES;
				GCC_WARN_64_TO_32_BIT_CONVERSION = YES;
				GCC_WARN_ABOUT_RETURN_TYPE = YES_ERROR;
				GCC_WARN_UNDECLARED_SELECTOR = YES;
				GCC_WARN_UNINITIALIZED_AUTOS = YES_AGGRESSIVE;
				GCC_WARN_UNUSED_FUNCTION = YES;
				GCC_WARN_UNUSED_VARIABLE = YES;
				IPHONEOS_DEPLOYMENT_TARGET = 15.0;
				MTL_ENABLE_DEBUG_INFO = NO;
				MTL_FAST_MATH = YES;
				SDKROOT = iphoneos;
				SWIFT_COMPILATION_MODE = wholemodule;
				SWIFT_OPTIMIZATION_LEVEL = "-O";
				VALIDATE_PRODUCT = YES;
			};
			name = Release;
		};
		576CC1D3276516A5000DD587 /* Debug */ = {
			isa = XCBuildConfiguration;
			buildSettings = {
				ASSETCATALOG_COMPILER_APPICON_NAME = AppIcon;
				ASSETCATALOG_COMPILER_GLOBAL_ACCENT_COLOR_NAME = AccentColor;
				CODE_SIGN_STYLE = Automatic;
				CURRENT_PROJECT_VERSION = 1;
				DEVELOPMENT_TEAM = C56BCY6PTD;
				GENERATE_INFOPLIST_FILE = YES;
				INFOPLIST_FILE = P9_travel/Info.plist;
				INFOPLIST_KEY_UIApplicationSupportsIndirectInputEvents = YES;
				INFOPLIST_KEY_UILaunchStoryboardName = LaunchScreen;
				INFOPLIST_KEY_UIMainStoryboardFile = Main;
				INFOPLIST_KEY_UISupportedInterfaceOrientations_iPad = "UIInterfaceOrientationPortrait UIInterfaceOrientationPortraitUpsideDown UIInterfaceOrientationLandscapeLeft UIInterfaceOrientationLandscapeRight";
				INFOPLIST_KEY_UISupportedInterfaceOrientations_iPhone = "UIInterfaceOrientationPortrait UIInterfaceOrientationLandscapeLeft UIInterfaceOrientationLandscapeRight";
				LD_RUNPATH_SEARCH_PATHS = (
					"$(inherited)",
					"@executable_path/Frameworks",
				);
				MARKETING_VERSION = 1.0;
				PRODUCT_BUNDLE_IDENTIFIER = "com.sebgaillard.P9-travel";
				PRODUCT_NAME = "$(TARGET_NAME)";
				SWIFT_EMIT_LOC_STRINGS = YES;
				SWIFT_VERSION = 5.0;
				TARGETED_DEVICE_FAMILY = 1;
			};
			name = Debug;
		};
		576CC1D4276516A5000DD587 /* Release */ = {
			isa = XCBuildConfiguration;
			buildSettings = {
				ASSETCATALOG_COMPILER_APPICON_NAME = AppIcon;
				ASSETCATALOG_COMPILER_GLOBAL_ACCENT_COLOR_NAME = AccentColor;
				CODE_SIGN_STYLE = Automatic;
				CURRENT_PROJECT_VERSION = 1;
				DEVELOPMENT_TEAM = C56BCY6PTD;
				GENERATE_INFOPLIST_FILE = YES;
				INFOPLIST_FILE = P9_travel/Info.plist;
				INFOPLIST_KEY_UIApplicationSupportsIndirectInputEvents = YES;
				INFOPLIST_KEY_UILaunchStoryboardName = LaunchScreen;
				INFOPLIST_KEY_UIMainStoryboardFile = Main;
				INFOPLIST_KEY_UISupportedInterfaceOrientations_iPad = "UIInterfaceOrientationPortrait UIInterfaceOrientationPortraitUpsideDown UIInterfaceOrientationLandscapeLeft UIInterfaceOrientationLandscapeRight";
				INFOPLIST_KEY_UISupportedInterfaceOrientations_iPhone = "UIInterfaceOrientationPortrait UIInterfaceOrientationLandscapeLeft UIInterfaceOrientationLandscapeRight";
				LD_RUNPATH_SEARCH_PATHS = (
					"$(inherited)",
					"@executable_path/Frameworks",
				);
				MARKETING_VERSION = 1.0;
				PRODUCT_BUNDLE_IDENTIFIER = "com.sebgaillard.P9-travel";
				PRODUCT_NAME = "$(TARGET_NAME)";
				SWIFT_EMIT_LOC_STRINGS = YES;
				SWIFT_VERSION = 5.0;
				TARGETED_DEVICE_FAMILY = 1;
			};
			name = Release;
		};
		576CC1D6276516A5000DD587 /* Debug */ = {
			isa = XCBuildConfiguration;
			buildSettings = {
				ALWAYS_EMBED_SWIFT_STANDARD_LIBRARIES = YES;
				BUNDLE_LOADER = "$(TEST_HOST)";
				CODE_SIGN_STYLE = Automatic;
				CURRENT_PROJECT_VERSION = 1;
				DEVELOPMENT_TEAM = C56BCY6PTD;
				GENERATE_INFOPLIST_FILE = YES;
				IPHONEOS_DEPLOYMENT_TARGET = 15.0;
				LD_RUNPATH_SEARCH_PATHS = (
					"$(inherited)",
					"@executable_path/Frameworks",
					"@loader_path/Frameworks",
				);
				MARKETING_VERSION = 1.0;
				PRODUCT_BUNDLE_IDENTIFIER = "com.sebgaillard.P9-travelTests";
				PRODUCT_NAME = "$(TARGET_NAME)";
				SWIFT_EMIT_LOC_STRINGS = NO;
				SWIFT_VERSION = 5.0;
				TARGETED_DEVICE_FAMILY = "1,2";
				TEST_HOST = "$(BUILT_PRODUCTS_DIR)/P9_travel.app/P9_travel";
			};
			name = Debug;
		};
		576CC1D7276516A5000DD587 /* Release */ = {
			isa = XCBuildConfiguration;
			buildSettings = {
				ALWAYS_EMBED_SWIFT_STANDARD_LIBRARIES = YES;
				BUNDLE_LOADER = "$(TEST_HOST)";
				CODE_SIGN_STYLE = Automatic;
				CURRENT_PROJECT_VERSION = 1;
				DEVELOPMENT_TEAM = C56BCY6PTD;
				GENERATE_INFOPLIST_FILE = YES;
				IPHONEOS_DEPLOYMENT_TARGET = 15.0;
				LD_RUNPATH_SEARCH_PATHS = (
					"$(inherited)",
					"@executable_path/Frameworks",
					"@loader_path/Frameworks",
				);
				MARKETING_VERSION = 1.0;
				PRODUCT_BUNDLE_IDENTIFIER = "com.sebgaillard.P9-travelTests";
				PRODUCT_NAME = "$(TARGET_NAME)";
				SWIFT_EMIT_LOC_STRINGS = NO;
				SWIFT_VERSION = 5.0;
				TARGETED_DEVICE_FAMILY = "1,2";
				TEST_HOST = "$(BUILT_PRODUCTS_DIR)/P9_travel.app/P9_travel";
			};
			name = Release;
		};
/* End XCBuildConfiguration section */

/* Begin XCConfigurationList section */
		576CC1A3276516A4000DD587 /* Build configuration list for PBXProject "P9_travel" */ = {
			isa = XCConfigurationList;
			buildConfigurations = (
				576CC1D0276516A5000DD587 /* Debug */,
				576CC1D1276516A5000DD587 /* Release */,
			);
			defaultConfigurationIsVisible = 0;
			defaultConfigurationName = Release;
		};
		576CC1D2276516A5000DD587 /* Build configuration list for PBXNativeTarget "P9_travel" */ = {
			isa = XCConfigurationList;
			buildConfigurations = (
				576CC1D3276516A5000DD587 /* Debug */,
				576CC1D4276516A5000DD587 /* Release */,
			);
			defaultConfigurationIsVisible = 0;
			defaultConfigurationName = Release;
		};
		576CC1D5276516A5000DD587 /* Build configuration list for PBXNativeTarget "P9_travelTests" */ = {
			isa = XCConfigurationList;
			buildConfigurations = (
				576CC1D6276516A5000DD587 /* Debug */,
				576CC1D7276516A5000DD587 /* Release */,
			);
			defaultConfigurationIsVisible = 0;
			defaultConfigurationName = Release;
		};
/* End XCConfigurationList section */
	};
	rootObject = 576CC1A0276516A4000DD587 /* Project object */;
}
